
Microsoft Visual Studio Solution File, Format Version 12.00
# Visual Studio Express 2012 for Web
Project("{E24C65DC-7377-472B-9ABA-BC803B73C61A}") = "odenkiapi", "odenkiapi\", "{6AA9D083-59C7-48C0-8FA5-1278277891FF}"
	ProjectSection(WebsiteProperties) = preProject
		TargetFrameworkMoniker = ".NETFramework,Version%3Dv4.0"
		Debug.AspNetCompiler.VirtualPath = "/odenkiapi"
		Debug.AspNetCompiler.PhysicalPath = "odenkiapi\"
		Debug.AspNetCompiler.TargetPath = "PrecompiledWeb\odenkiapi\"
		Debug.AspNetCompiler.Updateable = "true"
		Debug.AspNetCompiler.ForceOverwrite = "true"
		Debug.AspNetCompiler.FixedNames = "false"
		Debug.AspNetCompiler.Debug = "True"
		Release.AspNetCompiler.VirtualPath = "/odenkiapi"
		Release.AspNetCompiler.PhysicalPath = "odenkiapi\"
		Release.AspNetCompiler.TargetPath = "PrecompiledWeb\odenkiapi\"
		Release.AspNetCompiler.Updateable = "true"
		Release.AspNetCompiler.ForceOverwrite = "true"
		Release.AspNetCompiler.FixedNames = "false"
		Release.AspNetCompiler.Debug = "False"
		VWDPort = "1485"
	EndProjectSection
EndProject
Global
	GlobalSection(SolutionConfigurationPlatforms) = preSolution
		Debug|Any CPU = Debug|Any CPU
	EndGlobalSection
	GlobalSection(ProjectConfigurationPlatforms) = postSolution
		{6AA9D083-59C7-48C0-8FA5-1278277891FF}.Debug|Any CPU.ActiveCfg = Debug|Any CPU
		{6AA9D083-59C7-48C0-8FA5-1278277891FF}.Debug|Any CPU.Build.0 = Debug|Any CPU
	EndGlobalSection
	GlobalSection(SolutionProperties) = preSolution
		HideSolutionNode = FALSE
	EndGlobalSection
EndGlobal
